
Microsoft Visual Studio Solution File, Format Version 12.00
# Visual Studio Version 16
VisualStudioVersion = 16.0.30717.126
MinimumVisualStudioVersion = 10.0.40219.1
Project("{FAE04EC0-301F-11D3-BF4B-00C04F79EFBC}") = "SoftSunlight.WebSocket", "SoftSunlight.WebSocket\SoftSunlight.WebSocket.csproj", "{A61B4FD3-F0B6-4B81-B033-CE611697FEC6}"
EndProject
Project("{FAE04EC0-301F-11D3-BF4B-00C04F79EFBC}") = "SoftSunlight.WebSocketTest", "SoftSunlight.WebSocketTest\SoftSunlight.WebSocketTest.csproj", "{B41D7713-42CB-4B65-A3D8-E6879165D2E7}"
EndProject
Global
	GlobalSection(SolutionConfigurationPlatforms) = preSolution
		Debug|Any CPU = Debug|Any CPU
		Release|Any CPU = Release|Any CPU
	EndGlobalSection
	GlobalSection(ProjectConfigurationPlatforms) = postSolution
		{A61B4FD3-F0B6-4B81-B033-CE611697FEC6}.Debug|Any CPU.ActiveCfg = Debug|Any CPU
		{A61B4FD3-F0B6-4B81-B033-CE611697FEC6}.Debug|Any CPU.Build.0 = Debug|Any CPU
		{A61B4FD3-F0B6-4B81-B033-CE611697FEC6}.Release|Any CPU.ActiveCfg = Release|Any CPU
		{A61B4FD3-F0B6-4B81-B033-CE611697FEC6}.Release|Any CPU.Build.0 = Release|Any CPU
		{B41D7713-42CB-4B65-A3D8-E6879165D2E7}.Debug|Any CPU.ActiveCfg = Debug|Any CPU
		{B41D7713-42CB-4B65-A3D8-E6879165D2E7}.Debug|Any CPU.Build.0 = Debug|Any CPU
		{B41D7713-42CB-4B65-A3D8-E6879165D2E7}.Release|Any CPU.ActiveCfg = Release|Any CPU
		{B41D7713-42CB-4B65-A3D8-E6879165D2E7}.Release|Any CPU.Build.0 = Release|Any CPU
	EndGlobalSection
	GlobalSection(SolutionProperties) = preSolution
		HideSolutionNode = FALSE
	EndGlobalSection
	GlobalSection(ExtensibilityGlobals) = postSolution
		SolutionGuid = {2769A2BB-553B-448E-A2CD-705547A527CA}
	EndGlobalSection
EndGlobal
